{
    "_readme": [
        "This file locks the dependencies of your project to a known state",
        "Read more about it at https://getcomposer.org/doc/01-basic-usage.md#installing-dependencies",
        "This file is @generated automatically"
    ],
    "content-hash": "b85c6f7600538d1dc766fa4998a5246c",
    "packages": [
        {
            "name": "functional-php/fantasy-land",
            "version": "1.0.0",
            "source": {
                "type": "git",
                "url": "https://github.com/functional-php/fantasy-land.git",
                "reference": "c855c856e70db81032a8a4fd17bd74a58d26a279"
            },
            "dist": {
                "type": "zip",
                "url": "https://api.github.com/repos/functional-php/fantasy-land/zipball/c855c856e70db81032a8a4fd17bd74a58d26a279",
                "reference": "c855c856e70db81032a8a4fd17bd74a58d26a279",
                "shasum": ""
            },
            "require": {
                "php": ">=7.1"
            },
            "require-dev": {
                "friendsofphp/php-cs-fixer": "^2",
                "giorgiosironi/eris": "^0.9",
                "phpunit/phpunit": "^5"
            },
            "type": "library",
            "autoload": {
                "psr-4": {
                    "FunctionalPHP\\": "./src"
                },
                "files": [
                    "src/FantasyLand/functions.php"
                ]
            },
            "notification-url": "https://packagist.org/downloads/",
            "license": [
                "BSD-3-Clause"
            ],
            "authors": [
                {
                    "name": "Gabriel Habryn",
                    "email": "widmogrod+github@gmail.com"
                }
            ],
            "description": "Specification for interoperability of common algebraic structures in PHP",
            "time": "2018-02-18T14:54:04+00:00"
        },
        {
            "name": "functional-php/trampoline",
            "version": "1.1.0",
            "source": {
                "type": "git",
                "url": "https://github.com/functional-php/trampoline.git",
                "reference": "3cea9d5a98d01aeb0817a0db2b222949b83aec43"
            },
            "dist": {
                "type": "zip",
                "url": "https://api.github.com/repos/functional-php/trampoline/zipball/3cea9d5a98d01aeb0817a0db2b222949b83aec43",
                "reference": "3cea9d5a98d01aeb0817a0db2b222949b83aec43",
                "shasum": ""
            },
            "require": {
                "php": ">=5.6.0"
            },
            "require-dev": {
                "atoum/atoum": "*"
            },
            "type": "library",
            "autoload": {
                "psr-4": {
                    "FunctionalPHP\\Trampoline\\": "./src"
                },
                "files": [
                    "src/functions.php"
                ]
            },
            "notification-url": "https://packagist.org/downloads/",
            "license": [
                "BSD"
            ],
            "authors": [
                {
                    "name": "Gilles Crettenand",
                    "email": "gilles@crettenand.info"
                }
            ],
            "description": "Trampoline implementation for PHP.",
            "keywords": [
                "functional",
                "recursion",
                "trampoline"
            ],
            "time": "2016-10-25T20:12:10+00:00"
        },
        {
            "name": "widmogrod/php-functional",
            "version": "5.1.0",
            "source": {
                "type": "git",
                "url": "https://github.com/widmogrod/php-functional.git",
                "reference": "860441c0d3598fa27bb35bb786b21e5827c02ab2"
            },
            "dist": {
                "type": "zip",
                "url": "https://api.github.com/repos/widmogrod/php-functional/zipball/860441c0d3598fa27bb35bb786b21e5827c02ab2",
                "reference": "860441c0d3598fa27bb35bb786b21e5827c02ab2",
                "shasum": ""
            },
            "require": {
                "functional-php/fantasy-land": "^1",
                "php": ">=7.1"
            },
            "require-dev": {
                "friendsofphp/php-cs-fixer": "^2",
                "giorgiosironi/eris": "^0.9",
                "phpunit/phpunit": "^6"
            },
            "type": "library",
            "autoload": {
                "psr-4": {
                    "Widmogrod\\": "./src"
                },
                "files": [
                    "src/Functional/array.php",
                    "src/Functional/functions.php",
                    "src/Functional/miscellaneous.php",
                    "src/Functional/listt.php",
                    "src/Functional/zipping.php",
                    "src/Functional/sublist.php",
                    "src/Functional/infinit.php",
                    "src/Functional/predicates.php",
                    "src/Functional/strings.php",
                    "src/Functional/monoid.php",
                    "src/Functional/setoid.php",
                    "src/Monad/Either/functions.php",
                    "src/Monad/Maybe/functions.php",
                    "src/Monad/Free/functions.php",
                    "src/Monad/IO/functions.php",
                    "src/Monad/IO/errors.php",
                    "src/Monad/Reader/functions.php",
                    "src/Monad/State/functions.php",
                    "src/Monad/Writer/functions.php",
                    "src/Monad/Control/Doo/actions.php",
                    "src/Monad/Control/Doo/interpretation.php",
                    "src/Useful/match.php"
                ]
            },
            "notification-url": "https://packagist.org/downloads/",
            "license": [
                "MIT"
            ],
            "authors": [
                {
                    "name": "Gabriel Habryn",
                    "email": "widmogrod@gmail.com"
                }
            ],
            "description": "Functors, Applicative and Monads are fascinating concept. Purpose of this library is to explore them in OOP PHP world.",
            "time": "2018-06-13T22:09:18+00:00"
        }
    ],
    "packages-dev": [],
    "aliases": [],
    "minimum-stability": "dev",
    "stability-flags": [],
    "prefer-stable": false,
    "prefer-lowest": false,
    "platform": [],
    "platform-dev": []
}
