{
    "_readme": [
        "This file locks the dependencies of your project to a known state",
        "Read more about it at https://getcomposer.org/doc/01-basic-usage.md#installing-dependencies",
        "This file is @generated automatically"
    ],
    "content-hash": "40f942aabda3dc65e4f71f257eadcccd",
    "packages": [
        {
            "name": "beezee/php-data",
            "version": "dev-master",
            "source": {
                "type": "git",
                "url": "https://github.com/beezee/php-data.git",
                "reference": "262c0ae0a25bfcf4b89ee470e9fe47fbaeda8028"
            },
            "dist": {
                "type": "zip",
                "url": "https://api.github.com/repos/beezee/php-data/zipball/262c0ae0a25bfcf4b89ee470e9fe47fbaeda8028",
                "reference": "262c0ae0a25bfcf4b89ee470e9fe47fbaeda8028",
                "shasum": ""
            },
            "require": {
                "widmogrod/php-functional": "^5.1"
            },
            "require-dev": {
                "giorgiosironi/eris": "^0.11.0",
                "phpstan/phpstan": "^0.10.6",
                "phpunit/phpunit": "^7.5"
            },
            "type": "library",
            "autoload": {
                "files": [
                    "src/util.php"
                ],
                "psr-4": {
                    "Data\\": "src/",
                    "Data\\Test\\": "test/"
                }
            },
            "notification-url": "https://packagist.org/downloads/",
            "license": [
                "GPL-3.0-or-later"
            ],
            "description": "Algebraic data types with optics",
            "time": "2018-12-22T02:04:33+00:00"
        },
        {
            "name": "functional-php/fantasy-land",
            "version": "1.0.0",
            "source": {
                "type": "git",
                "url": "https://github.com/functional-php/fantasy-land.git",
                "reference": "c855c856e70db81032a8a4fd17bd74a58d26a279"
            },
            "dist": {
                "type": "zip",
                "url": "https://api.github.com/repos/functional-php/fantasy-land/zipball/c855c856e70db81032a8a4fd17bd74a58d26a279",
                "reference": "c855c856e70db81032a8a4fd17bd74a58d26a279",
                "shasum": ""
            },
            "require": {
                "php": ">=7.1"
            },
            "require-dev": {
                "friendsofphp/php-cs-fixer": "^2",
                "giorgiosironi/eris": "^0.9",
                "phpunit/phpunit": "^5"
            },
            "type": "library",
            "autoload": {
                "psr-4": {
                    "FunctionalPHP\\": "./src"
                },
                "files": [
                    "src/FantasyLand/functions.php"
                ]
            },
            "notification-url": "https://packagist.org/downloads/",
            "license": [
                "BSD-3-Clause"
            ],
            "authors": [
                {
                    "name": "Gabriel Habryn",
                    "email": "widmogrod+github@gmail.com"
                }
            ],
            "description": "Specification for interoperability of common algebraic structures in PHP",
            "time": "2018-02-18T14:54:04+00:00"
        },
        {
            "name": "functional-php/trampoline",
            "version": "dev-master",
            "source": {
                "type": "git",
                "url": "https://github.com/functional-php/trampoline.git",
                "reference": "28d2b5e71e43ffaad87e074a68ac7db22349b8f7"
            },
            "dist": {
                "type": "zip",
                "url": "https://api.github.com/repos/functional-php/trampoline/zipball/28d2b5e71e43ffaad87e074a68ac7db22349b8f7",
                "reference": "28d2b5e71e43ffaad87e074a68ac7db22349b8f7",
                "shasum": ""
            },
            "require": {
                "php": ">=5.6.0"
            },
            "require-dev": {
                "atoum/atoum": "*"
            },
            "type": "library",
            "autoload": {
                "psr-4": {
                    "FunctionalPHP\\Trampoline\\": "./src"
                },
                "files": [
                    "src/functions.php"
                ]
            },
            "notification-url": "https://packagist.org/downloads/",
            "license": [
                "BSD-3-Clause"
            ],
            "authors": [
                {
                    "name": "Gilles Crettenand",
                    "email": "gilles@crettenand.info"
                }
            ],
            "description": "Trampoline implementation for PHP.",
            "keywords": [
                "functional",
                "recursion",
                "trampoline"
            ],
            "time": "2018-01-27T22:50:20+00:00"
        },
        {
            "name": "respect/stringifier",
            "version": "0.2.0",
            "source": {
                "type": "git",
                "url": "https://github.com/Respect/Stringifier.git",
                "reference": "e55af3c8aeaeaa2abb5fa47a58a8e9688cc23b59"
            },
            "dist": {
                "type": "zip",
                "url": "https://api.github.com/repos/Respect/Stringifier/zipball/e55af3c8aeaeaa2abb5fa47a58a8e9688cc23b59",
                "reference": "e55af3c8aeaeaa2abb5fa47a58a8e9688cc23b59",
                "shasum": ""
            },
            "require": {
                "php": ">=7.1"
            },
            "require-dev": {
                "friendsofphp/php-cs-fixer": "^2.8",
                "malukenho/docheader": "^0.1.7",
                "phpunit/phpunit": "^6.4"
            },
            "type": "library",
            "autoload": {
                "psr-4": {
                    "Respect\\Stringifier\\": "src/"
                },
                "files": [
                    "src/stringify.php"
                ]
            },
            "notification-url": "https://packagist.org/downloads/",
            "license": [
                "MIT"
            ],
            "authors": [
                {
                    "name": "Respect/Stringifier Contributors",
                    "homepage": "https://github.com/Respect/Stringifier/graphs/contributors"
                }
            ],
            "description": "Converts any value to a string",
            "homepage": "http://respect.github.io/Stringifier/",
            "keywords": [
                "respect",
                "stringifier",
                "stringify"
            ],
            "time": "2017-12-29T19:39:25+00:00"
        },
        {
            "name": "respect/validation",
            "version": "dev-master",
            "source": {
                "type": "git",
                "url": "https://github.com/Respect/Validation.git",
                "reference": "fbaf78fc399fcb889278313afa49f4b3e5137d9b"
            },
            "dist": {
                "type": "zip",
                "url": "https://api.github.com/repos/Respect/Validation/zipball/fbaf78fc399fcb889278313afa49f4b3e5137d9b",
                "reference": "fbaf78fc399fcb889278313afa49f4b3e5137d9b",
                "shasum": ""
            },
            "require": {
                "php": ">=7.1",
                "respect/stringifier": "^0.2.0",
                "symfony/polyfill-mbstring": "^1.2"
            },
            "require-dev": {
                "egulias/email-validator": "^2.0",
                "friendsofphp/php-cs-fixer": "^2.8",
                "malukenho/docheader": "^0.1.4",
                "mikey179/vfsstream": "^1.6",
                "phpstan/phpstan": "^0.10.3",
                "phpunit/phpunit": "^7.3",
                "symfony/validator": "^3.0||^4.0",
                "zendframework/zend-validator": "^2.0"
            },
            "suggest": {
                "egulias/email-validator": "Strict (RFC compliant) email validation",
                "ext-bcmath": "Arbitrary Precision Mathematics",
                "ext-fileinfo": "File Information",
                "ext-mbstring": "Multibyte String Functions",
                "friendsofphp/php-cs-fixer": "Fix PSR2 and other coding style issues",
                "symfony/validator": "Use Symfony validator through Respect\\Validation",
                "zendframework/zend-validator": "Use Zend Framework validator through Respect\\Validation"
            },
            "type": "library",
            "extra": {
                "branch-alias": {
                    "dev-master": "2.0-dev"
                }
            },
            "autoload": {
                "psr-4": {
                    "Respect\\Validation\\": "library/"
                }
            },
            "notification-url": "https://packagist.org/downloads/",
            "license": [
                "MIT"
            ],
            "authors": [
                {
                    "name": "Respect/Validation Contributors",
                    "homepage": "https://github.com/Respect/Validation/graphs/contributors"
                }
            ],
            "description": "The most awesome validation engine ever created for PHP",
            "homepage": "http://respect.github.io/Validation/",
            "keywords": [
                "respect",
                "validation",
                "validator"
            ],
            "time": "2018-12-19T17:05:58+00:00"
        },
        {
            "name": "symfony/polyfill-mbstring",
            "version": "v1.10.0",
            "source": {
                "type": "git",
                "url": "https://github.com/symfony/polyfill-mbstring.git",
                "reference": "c79c051f5b3a46be09205c73b80b346e4153e494"
            },
            "dist": {
                "type": "zip",
                "url": "https://api.github.com/repos/symfony/polyfill-mbstring/zipball/c79c051f5b3a46be09205c73b80b346e4153e494",
                "reference": "c79c051f5b3a46be09205c73b80b346e4153e494",
                "shasum": ""
            },
            "require": {
                "php": ">=5.3.3"
            },
            "suggest": {
                "ext-mbstring": "For best performance"
            },
            "type": "library",
            "extra": {
                "branch-alias": {
                    "dev-master": "1.9-dev"
                }
            },
            "autoload": {
                "psr-4": {
                    "Symfony\\Polyfill\\Mbstring\\": ""
                },
                "files": [
                    "bootstrap.php"
                ]
            },
            "notification-url": "https://packagist.org/downloads/",
            "license": [
                "MIT"
            ],
            "authors": [
                {
                    "name": "Nicolas Grekas",
                    "email": "p@tchwork.com"
                },
                {
                    "name": "Symfony Community",
                    "homepage": "https://symfony.com/contributors"
                }
            ],
            "description": "Symfony polyfill for the Mbstring extension",
            "homepage": "https://symfony.com",
            "keywords": [
                "compatibility",
                "mbstring",
                "polyfill",
                "portable",
                "shim"
            ],
            "time": "2018-09-21T13:07:52+00:00"
        },
        {
            "name": "widmogrod/php-functional",
            "version": "5.1.0",
            "source": {
                "type": "git",
                "url": "https://github.com/widmogrod/php-functional.git",
                "reference": "860441c0d3598fa27bb35bb786b21e5827c02ab2"
            },
            "dist": {
                "type": "zip",
                "url": "https://api.github.com/repos/widmogrod/php-functional/zipball/860441c0d3598fa27bb35bb786b21e5827c02ab2",
                "reference": "860441c0d3598fa27bb35bb786b21e5827c02ab2",
                "shasum": ""
            },
            "require": {
                "functional-php/fantasy-land": "^1",
                "php": ">=7.1"
            },
            "require-dev": {
                "friendsofphp/php-cs-fixer": "^2",
                "giorgiosironi/eris": "^0.9",
                "phpunit/phpunit": "^6"
            },
            "type": "library",
            "autoload": {
                "psr-4": {
                    "Widmogrod\\": "./src"
                },
                "files": [
                    "src/Functional/array.php",
                    "src/Functional/functions.php",
                    "src/Functional/miscellaneous.php",
                    "src/Functional/listt.php",
                    "src/Functional/zipping.php",
                    "src/Functional/sublist.php",
                    "src/Functional/infinit.php",
                    "src/Functional/predicates.php",
                    "src/Functional/strings.php",
                    "src/Functional/monoid.php",
                    "src/Functional/setoid.php",
                    "src/Monad/Either/functions.php",
                    "src/Monad/Maybe/functions.php",
                    "src/Monad/Free/functions.php",
                    "src/Monad/IO/functions.php",
                    "src/Monad/IO/errors.php",
                    "src/Monad/Reader/functions.php",
                    "src/Monad/State/functions.php",
                    "src/Monad/Writer/functions.php",
                    "src/Monad/Control/Doo/actions.php",
                    "src/Monad/Control/Doo/interpretation.php",
                    "src/Useful/match.php"
                ]
            },
            "notification-url": "https://packagist.org/downloads/",
            "license": [
                "MIT"
            ],
            "authors": [
                {
                    "name": "Gabriel Habryn",
                    "email": "widmogrod@gmail.com"
                }
            ],
            "description": "Functors, Applicative and Monads are fascinating concept. Purpose of this library is to explore them in OOP PHP world.",
            "time": "2018-06-13T22:09:18+00:00"
        }
    ],
    "packages-dev": [],
    "aliases": [],
    "minimum-stability": "dev",
    "stability-flags": {
        "functional-php/trampoline": 20
    },
    "prefer-stable": false,
    "prefer-lowest": false,
    "platform": [],
    "platform-dev": []
}
